
Microsoft Visual Studio Solution File, Format Version 12.00
# Visual Studio 15
VisualStudioVersion = 15.0.28010.2041
MinimumVisualStudioVersion = 10.0.40219.1
Project("{FAE04EC0-301F-11D3-BF4B-00C04F79EFBC}") = "BasicMathOperations", "BasicMathOperations\BasicMathOperations.csproj", "{B976AD38-BC76-48CB-9629-1856A11EBF83}"
EndProject
Global
	GlobalSection(SolutionConfigurationPlatforms) = preSolution
		Debug|Any CPU = Debug|Any CPU
		Release|Any CPU = Release|Any CPU
	EndGlobalSection
	GlobalSection(ProjectConfigurationPlatforms) = postSolution
		{B976AD38-BC76-48CB-9629-1856A11EBF83}.Debug|Any CPU.ActiveCfg = Debug|Any CPU
		{B976AD38-BC76-48CB-9629-1856A11EBF83}.Debug|Any CPU.Build.0 = Debug|Any CPU
		{B976AD38-BC76-48CB-9629-1856A11EBF83}.Release|Any CPU.ActiveCfg = Release|Any CPU
		{B976AD38-BC76-48CB-9629-1856A11EBF83}.Release|Any CPU.Build.0 = Release|Any CPU
	EndGlobalSection
	GlobalSection(SolutionProperties) = preSolution
		HideSolutionNode = FALSE
	EndGlobalSection
	GlobalSection(ExtensibilityGlobals) = postSolution
		SolutionGuid = {BF70B8AD-E24D-43F2-A34E-CFA6A20FB396}
	EndGlobalSection
EndGlobal
