
Microsoft Visual Studio Solution File, Format Version 12.00
# Visual Studio 15
VisualStudioVersion = 15.0.28010.2041
MinimumVisualStudioVersion = 10.0.40219.1
Project("{FAE04EC0-301F-11D3-BF4B-00C04F79EFBC}") = "BasicMathOperations", "BasicMathOperations\BasicMathOperations.csproj", "{DF49757D-AE52-432E-A6AC-2EAC63A5AC69}"
EndProject
Global
	GlobalSection(SolutionConfigurationPlatforms) = preSolution
		Debug|Any CPU = Debug|Any CPU
		Release|Any CPU = Release|Any CPU
	EndGlobalSection
	GlobalSection(ProjectConfigurationPlatforms) = postSolution
		{DF49757D-AE52-432E-A6AC-2EAC63A5AC69}.Debug|Any CPU.ActiveCfg = Debug|Any CPU
		{DF49757D-AE52-432E-A6AC-2EAC63A5AC69}.Debug|Any CPU.Build.0 = Debug|Any CPU
		{DF49757D-AE52-432E-A6AC-2EAC63A5AC69}.Release|Any CPU.ActiveCfg = Release|Any CPU
		{DF49757D-AE52-432E-A6AC-2EAC63A5AC69}.Release|Any CPU.Build.0 = Release|Any CPU
	EndGlobalSection
	GlobalSection(SolutionProperties) = preSolution
		HideSolutionNode = FALSE
	EndGlobalSection
	GlobalSection(ExtensibilityGlobals) = postSolution
		SolutionGuid = {E7E6FB81-77E7-4A20-BEF6-CC67F5C08F68}
	EndGlobalSection
EndGlobal
